// !$*UTF8*$!
{
	archiveVersion = 1;
	classes = {
	};
	objectVersion = 46;
	objects = {

/* Begin PBXBuildFile section */
		821F864E19E5085900CCEA85 /* main.m in Sources */ = {isa = PBXBuildFile; fileRef = 821F864D19E5085900CCEA85 /* main.m */; };
		821F865119E5085900CCEA85 /* AppDelegate.m in Sources */ = {isa = PBXBuildFile; fileRef = 821F865019E5085900CCEA85 /* AppDelegate.m */; };
		821F865419E5085900CCEA85 /* ViewController.m in Sources */ = {isa = PBXBuildFile; fileRef = 821F865319E5085900CCEA85 /* ViewController.m */; };
		821F865719E5085900CCEA85 /* Main.storyboard in Resources */ = {isa = PBXBuildFile; fileRef = 821F865519E5085900CCEA85 /* Main.storyboard */; };
		821F865919E5085900CCEA85 /* Images.xcassets in Resources */ = {isa = PBXBuildFile; fileRef = 821F865819E5085900CCEA85 /* Images.xcassets */; };
		821F865C19E5085900CCEA85 /* LaunchScreen.xib in Resources */ = {isa = PBXBuildFile; fileRef = 821F865A19E5085900CCEA85 /* LaunchScreen.xib */; };
		821F866819E5085900CCEA85 /* KLLoaderExampleTests.m in Sources */ = {isa = PBXBuildFile; fileRef = 821F866719E5085900CCEA85 /* KLLoaderExampleTests.m */; };
/* End PBXBuildFile section */

/* Begin PBXContainerItemProxy section */
		821F866219E5085900CCEA85 /* PBXContainerItemProxy */ = {
			isa = PBXContainerItemProxy;
			containerPortal = 821F864019E5085900CCEA85 /* Project object */;
			proxyType = 1;
			remoteGlobalIDString = 821F864719E5085900CCEA85;
			remoteInfo = KLLoaderExample;
		};
/* End PBXContainerItemProxy section */

/* Begin PBXFileReference section */
		821F864819E5085900CCEA85 /* KLLoaderExample.app */ = {isa = PBXFileReference; explicitFileType = wrapper.application; includeInIndex = 0; path = KLLoaderExample.app; sourceTree = BUILT_PRODUCTS_DIR; };
		821F864C19E5085900CCEA85 /* Info.plist */ = {isa = PBXFileReference; lastKnownFileType = text.plist.xml; path = Info.plist; sourceTree = "<group>"; };
		821F864D19E5085900CCEA85 /* main.m */ = {isa = PBXFileReference; lastKnownFileType = sourcecode.c.objc; path = main.m; sourceTree = "<group>"; };
		821F864F19E5085900CCEA85 /* AppDelegate.h */ = {isa = PBXFileReference; lastKnownFileType = sourcecode.c.h; path = AppDelegate.h; sourceTree = "<group>"; };
		821F865019E5085900CCEA85 /* AppDelegate.m */ = {isa = PBXFileReference; lastKnownFileType = sourcecode.c.objc; path = AppDelegate.m; sourceTree = "<group>"; };
		821F865219E5085900CCEA85 /* ViewController.h */ = {isa = PBXFileReference; lastKnownFileType = sourcecode.c.h; path = ViewController.h; sourceTree = "<group>"; };
		821F865319E5085900CCEA85 /* ViewController.m */ = {isa = PBXFileReference; lastKnownFileType = sourcecode.c.objc; path = ViewController.m; sourceTree = "<group>"; };
		821F865619E5085900CCEA85 /* Base */ = {isa = PBXFileReference; lastKnownFileType = file.storyboard; name = Base; path = Base.lproj/Main.storyboard; sourceTree = "<group>"; };
		821F865819E5085900CCEA85 /* Images.xcassets */ = {isa = PBXFileReference; lastKnownFileType = folder.assetcatalog; path = Images.xcassets; sourceTree = "<group>"; };
		821F865B19E5085900CCEA85 /* Base */ = {isa = PBXFileReference; lastKnownFileType = file.xib; name = Base; path = Base.lproj/LaunchScreen.xib; sourceTree = "<group>"; };
		821F866119E5085900CCEA85 /* KLLoaderExampleTests.xctest */ = {isa = PBXFileReference; explicitFileType = wrapper.cfbundle; includeInIndex = 0; path = KLLoaderExampleTests.xctest; sourceTree = BUILT_PRODUCTS_DIR; };
		821F866619E5085900CCEA85 /* Info.plist */ = {isa = PBXFileReference; lastKnownFileType = text.plist.xml; path = Info.plist; sourceTree = "<group>"; };
		821F866719E5085900CCEA85 /* KLLoaderExampleTests.m */ = {isa = PBXFileReference; lastKnownFileType = sourcecode.c.objc; path = KLLoaderExampleTests.m; sourceTree = "<group>"; };
/* End PBXFileReference section */

/* Begin PBXFrameworksBuildPhase section */
		821F864519E5085900CCEA85 /* Frameworks */ = {
			isa = PBXFrameworksBuildPhase;
			buildActionMask = 2147483647;
			files = (
			);
			runOnlyForDeploymentPostprocessing = 0;
		};
		821F865E19E5085900CCEA85 /* Frameworks */ = {
			isa = PBXFrameworksBuildPhase;
			buildActionMask = 2147483647;
			files = (
			);
			runOnlyForDeploymentPostprocessing = 0;
		};
/* End PBXFrameworksBuildPhase section */

/* Begin PBXGroup section */
		821F863F19E5085900CCEA85 = {
			isa = PBXGroup;
			children = (
				821F864A19E5085900CCEA85 /* KLLoaderExample */,
				821F866419E5085900CCEA85 /* KLLoaderExampleTests */,
				821F864919E5085900CCEA85 /* Products */,
			);
			sourceTree = "<group>";
		};
		821F864919E5085900CCEA85 /* Products */ = {
			isa = PBXGroup;
			children = (
				821F864819E5085900CCEA85 /* KLLoaderExample.app */,
				821F866119E5085900CCEA85 /* KLLoaderExampleTests.xctest */,
			);
			name = Products;
			sourceTree = "<group>";
		};
		821F864A19E5085900CCEA85 /* KLLoaderExample */ = {
			isa = PBXGroup;
			children = (
				821F864F19E5085900CCEA85 /* AppDelegate.h */,
				821F865019E5085900CCEA85 /* AppDelegate.m */,
				821F865219E5085900CCEA85 /* ViewController.h */,
				821F865319E5085900CCEA85 /* ViewController.m */,
				821F865519E5085900CCEA85 /* Main.storyboard */,
				821F865819E5085900CCEA85 /* Images.xcassets */,
				821F865A19E5085900CCEA85 /* LaunchScreen.xib */,
				821F864B19E5085900CCEA85 /* Supporting Files */,
			);
			path = KLLoaderExample;
			sourceTree = "<group>";
		};
		821F864B19E5085900CCEA85 /* Supporting Files */ = {
			isa = PBXGroup;
			children = (
				821F864C19E5085900CCEA85 /* Info.plist */,
				821F864D19E5085900CCEA85 /* main.m */,
			);
			name = "Supporting Files";
			sourceTree = "<group>";
		};
		821F866419E5085900CCEA85 /* KLLoaderExampleTests */ = {
			isa = PBXGroup;
			children = (
				821F866719E5085900CCEA85 /* KLLoaderExampleTests.m */,
				821F866519E5085900CCEA85 /* Supporting Files */,
			);
			path = KLLoaderExampleTests;
			sourceTree = "<group>";
		};
		821F866519E5085900CCEA85 /* Supporting Files */ = {
			isa = PBXGroup;
			children = (
				821F866619E5085900CCEA85 /* Info.plist */,
			);
			name = "Supporting Files";
			sourceTree = "<group>";
		};
/* End PBXGroup section */

/* Begin PBXNativeTarget section */
		821F864719E5085900CCEA85 /* KLLoaderExample */ = {
			isa = PBXNativeTarget;
			buildConfigurationList = 821F866B19E5085900CCEA85 /* Build configuration list for PBXNativeTarget "KLLoaderExample" */;
			buildPhases = (
				821F864419E5085900CCEA85 /* Sources */,
				821F864519E5085900CCEA85 /* Frameworks */,
				821F864619E5085900CCEA85 /* Resources */,
			);
			buildRules = (
			);
			dependencies = (
			);
			name = KLLoaderExample;
			productName = KLLoaderExample;
			productReference = 821F864819E5085900CCEA85 /* KLLoaderExample.app */;
			productType = "com.apple.product-type.application";
		};
		821F866019E5085900CCEA85 /* KLLoaderExampleTests */ = {
			isa = PBXNativeTarget;
			buildConfigurationList = 821F866E19E5085900CCEA85 /* Build configuration list for PBXNativeTarget "KLLoaderExampleTests" */;
			buildPhases = (
				821F865D19E5085900CCEA85 /* Sources */,
				821F865E19E5085900CCEA85 /* Frameworks */,
				821F865F19E5085900CCEA85 /* Resources */,
			);
			buildRules = (
			);
			dependencies = (
				821F866319E5085900CCEA85 /* PBXTargetDependency */,
			);
			name = KLLoaderExampleTests;
			productName = KLLoaderExampleTests;
			productReference = 821F866119E5085900CCEA85 /* KLLoaderExampleTests.xctest */;
			productType = "com.apple.product-type.bundle.unit-test";
		};
/* End PBXNativeTarget section */

/* Begin PBXProject section */
		821F864019E5085900CCEA85 /* Project object */ = {
			isa = PBXProject;
			attributes = {
				LastUpgradeCheck = 0600;
				ORGANIZATIONNAME = "Ken Lauguico";
				TargetAttributes = {
					821F864719E5085900CCEA85 = {
						CreatedOnToolsVersion = 6.0;
					};
					821F866019E5085900CCEA85 = {
						CreatedOnToolsVersion = 6.0;
						TestTargetID = 821F864719E5085900CCEA85;
					};
				};
			};
			buildConfigurationList = 821F864319E5085900CCEA85 /* Build configuration list for PBXProject "KLLoaderExample" */;
			compatibilityVersion = "Xcode 3.2";
			developmentRegion = English;
			hasScannedForEncodings = 0;
			knownRegions = (
				en,
				Base,
			);
			mainGroup = 821F863F19E5085900CCEA85;
			productRefGroup = 821F864919E5085900CCEA85 /* Products */;
			projectDirPath = "";
			projectRoot = "";
			targets = (
				821F864719E5085900CCEA85 /* KLLoaderExample */,
				821F866019E5085900CCEA85 /* KLLoaderExampleTests */,
			);
		};
/* End PBXProject section */

/* Begin PBXResourcesBuildPhase section */
		821F864619E5085900CCEA85 /* Resources */ = {
			isa = PBXResourcesBuildPhase;
			buildActionMask = 2147483647;
			files = (
				821F865719E5085900CCEA85 /* Main.storyboard in Resources */,
				821F865C19E5085900CCEA85 /* LaunchScreen.xib in Resources */,
				821F865919E5085900CCEA85 /* Images.xcassets in Resources */,
			);
			runOnlyForDeploymentPostprocessing = 0;
		};
		821F865F19E5085900CCEA85 /* Resources */ = {
			isa = PBXResourcesBuildPhase;
			buildActionMask = 2147483647;
			files = (
			);
			runOnlyForDeploymentPostprocessing = 0;
		};
/* End PBXResourcesBuildPhase section */

/* Begin PBXSourcesBuildPhase section */
		821F864419E5085900CCEA85 /* Sources */ = {
			isa = PBXSourcesBuildPhase;
			buildActionMask = 2147483647;
			files = (
				821F865419E5085900CCEA85 /* ViewController.m in Sources */,
				821F865119E5085900CCEA85 /* AppDelegate.m in Sources */,
				821F864E19E5085900CCEA85 /* main.m in Sources */,
			);
			runOnlyForDeploymentPostprocessing = 0;
		};
		821F865D19E5085900CCEA85 /* Sources */ = {
			isa = PBXSourcesBuildPhase;
			buildActionMask = 2147483647;
			files = (
				821F866819E5085900CCEA85 /* KLLoaderExampleTests.m in Sources */,
			);
			runOnlyForDeploymentPostprocessing = 0;
		};
/* End PBXSourcesBuildPhase section */

/* Begin PBXTargetDependency section */
		821F866319E5085900CCEA85 /* PBXTargetDependency */ = {
			isa = PBXTargetDependency;
			target = 821F864719E5085900CCEA85 /* KLLoaderExample */;
			targetProxy = 821F866219E5085900CCEA85 /* PBXContainerItemProxy */;
		};
/* End PBXTargetDependency section */

/* Begin PBXVariantGroup section */
		821F865519E5085900CCEA85 /* Main.storyboard */ = {
			isa = PBXVariantGroup;
			children = (
				821F865619E5085900CCEA85 /* Base */,
			);
			name = Main.storyboard;
			sourceTree = "<group>";
		};
		821F865A19E5085900CCEA85 /* LaunchScreen.xib */ = {
			isa = PBXVariantGroup;
			children = (
				821F865B19E5085900CCEA85 /* Base */,
			);
			name = LaunchScreen.xib;
			sourceTree = "<group>";
		};
/* End PBXVariantGroup section */

/* Begin XCBuildConfiguration section */
		821F866919E5085900CCEA85 /* Debug */ = {
			isa = XCBuildConfiguration;
			buildSettings = {
				ALWAYS_SEARCH_USER_PATHS = NO;
				CLANG_CXX_LANGUAGE_STANDARD = "gnu++0x";
				CLANG_CXX_LIBRARY = "libc++";
				CLANG_ENABLE_MODULES = YES;
				CLANG_ENABLE_OBJC_ARC = YES;
				CLANG_WARN_BOOL_CONVERSION = YES;
				CLANG_WARN_CONSTANT_CONVERSION = YES;
				CLANG_WARN_DIRECT_OBJC_ISA_USAGE = YES_ERROR;
				CLANG_WARN_EMPTY_BODY = YES;
				CLANG_WARN_ENUM_CONVERSION = YES;
				CLANG_WARN_INT_CONVERSION = YES;
				CLANG_WARN_OBJC_ROOT_CLASS = YES_ERROR;
				CLANG_WARN_UNREACHABLE_CODE = YES;
				CLANG_WARN__DUPLICATE_METHOD_MATCH = YES;
				"CODE_SIGN_IDENTITY[sdk=iphoneos*]" = "iPhone Developer";
				COPY_PHASE_STRIP = NO;
				ENABLE_STRICT_OBJC_MSGSEND = YES;
				GCC_C_LANGUAGE_STANDARD = gnu99;
				GCC_DYNAMIC_NO_PIC = NO;
				GCC_OPTIMIZATION_LEVEL = 0;
				GCC_PREPROCESSOR_DEFINITIONS = (
					"DEBUG=1",
					"$(inherited)",
				);
				GCC_SYMBOLS_PRIVATE_EXTERN = NO;
				GCC_WARN_64_TO_32_BIT_CONVERSION = YES;
				GCC_WARN_ABOUT_RETURN_TYPE = YES_ERROR;
				GCC_WARN_UNDECLARED_SELECTOR = YES;
				GCC_WARN_UNINITIALIZED_AUTOS = YES_AGGRESSIVE;
				GCC_WARN_UNUSED_FUNCTION = YES;
				GCC_WARN_UNUSED_VARIABLE = YES;
				IPHONEOS_DEPLOYMENT_TARGET = 8.0;
				MTL_ENABLE_DEBUG_INFO = YES;
				ONLY_ACTIVE_ARCH = YES;
				SDKROOT = iphoneos;
			};
			name = Debug;
		};
		821F866A19E5085900CCEA85 /* Release */ = {
			isa = XCBuildConfiguration;
			buildSettings = {
				ALWAYS_SEARCH_USER_PATHS = NO;
				CLANG_CXX_LANGUAGE_STANDARD = "gnu++0x";
				CLANG_CXX_LIBRARY = "libc++";
				CLANG_ENABLE_MODULES = YES;
				CLANG_ENABLE_OBJC_ARC = YES;
				CLANG_WARN_BOOL_CONVERSION = YES;
				CLANG_WARN_CONSTANT_CONVERSION = YES;
				CLANG_WARN_DIRECT_OBJC_ISA_USAGE = YES_ERROR;
				CLANG_WARN_EMPTY_BODY = YES;
				CLANG_WARN_ENUM_CONVERSION = YES;
				CLANG_WARN_INT_CONVERSION = YES;
				CLANG_WARN_OBJC_ROOT_CLASS = YES_ERROR;
				CLANG_WARN_UNREACHABLE_CODE = YES;
				CLANG_WARN__DUPLICATE_METHOD_MATCH = YES;
				"CODE_SIGN_IDENTITY[sdk=iphoneos*]" = "iPhone Developer";
				COPY_PHASE_STRIP = YES;
				ENABLE_NS_ASSERTIONS = NO;
				ENABLE_STRICT_OBJC_MSGSEND = YES;
				GCC_C_LANGUAGE_STANDARD = gnu99;
				GCC_WARN_64_TO_32_BIT_CONVERSION = YES;
				GCC_WARN_ABOUT_RETURN_TYPE = YES_ERROR;
				GCC_WARN_UNDECLARED_SELECTOR = YES;
				GCC_WARN_UNINITIALIZED_AUTOS = YES_AGGRESSIVE;
				GCC_WARN_UNUSED_FUNCTION = YES;
				GCC_WARN_UNUSED_VARIABLE = YES;
				IPHONEOS_DEPLOYMENT_TARGET = 8.0;
				MTL_ENABLE_DEBUG_INFO = NO;
				SDKROOT = iphoneos;
				VALIDATE_PRODUCT = YES;
			};
			name = Release;
		};
		821F866C19E5085900CCEA85 /* Debug */ = {
			isa = XCBuildConfiguration;
			buildSettings = {
				ASSETCATALOG_COMPILER_APPICON_NAME = AppIcon;
				INFOPLIST_FILE = KLLoaderExample/Info.plist;
				LD_RUNPATH_SEARCH_PATHS = "$(inherited) @executable_path/Frameworks";
				PRODUCT_NAME = "$(TARGET_NAME)";
			};
			name = Debug;
		};
		821F866D19E5085900CCEA85 /* Release */ = {
			isa = XCBuildConfiguration;
			buildSettings = {
				ASSETCATALOG_COMPILER_APPICON_NAME = AppIcon;
				INFOPLIST_FILE = KLLoaderExample/Info.plist;
				LD_RUNPATH_SEARCH_PATHS = "$(inherited) @executable_path/Frameworks";
				PRODUCT_NAME = "$(TARGET_NAME)";
			};
			name = Release;
		};
		821F866F19E5085900CCEA85 /* Debug */ = {
			isa = XCBuildConfiguration;
			buildSettings = {
				BUNDLE_LOADER = "$(TEST_HOST)";
				FRAMEWORK_SEARCH_PATHS = (
					"$(SDKROOT)/Developer/Library/Frameworks",
					"$(inherited)",
				);
				GCC_PREPROCESSOR_DEFINITIONS = (
					"DEBUG=1",
					"$(inherited)",
				);
				INFOPLIST_FILE = KLLoaderExampleTests/Info.plist;
				LD_RUNPATH_SEARCH_PATHS = "$(inherited) @executable_path/Frameworks @loader_path/Frameworks";
				PRODUCT_NAME = "$(TARGET_NAME)";
				TEST_HOST = "$(BUILT_PRODUCTS_DIR)/KLLoaderExample.app/KLLoaderExample";
			};
			name = Debug;
		};
		821F867019E5085900CCEA85 /* Release */ = {
			isa = XCBuildConfiguration;
			buildSettings = {
				BUNDLE_LOADER = "$(TEST_HOST)";
				FRAMEWORK_SEARCH_PATHS = (
					"$(SDKROOT)/Developer/Library/Frameworks",
					"$(inherited)",
				);
				INFOPLIST_FILE = KLLoaderExampleTests/Info.plist;
				LD_RUNPATH_SEARCH_PATHS = "$(inherited) @executable_path/Frameworks @loader_path/Frameworks";
				PRODUCT_NAME = "$(TARGET_NAME)";
				TEST_HOST = "$(BUILT_PRODUCTS_DIR)/KLLoaderExample.app/KLLoaderExample";
			};
			name = Release;
		};
/* End XCBuildConfiguration section */

/* Begin XCConfigurationList section */
		821F864319E5085900CCEA85 /* Build configuration list for PBXProject "KLLoaderExample" */ = {
			isa = XCConfigurationList;
			buildConfigurations = (
				821F866919E5085900CCEA85 /* Debug */,
				821F866A19E5085900CCEA85 /* Release */,
			);
			defaultConfigurationIsVisible = 0;
			defaultConfigurationName = Release;
		};
		821F866B19E5085900CCEA85 /* Build configuration list for PBXNativeTarget "KLLoaderExample" */ = {
			isa = XCConfigurationList;
			buildConfigurations = (
				821F866C19E5085900CCEA85 /* Debug */,
				821F866D19E5085900CCEA85 /* Release */,
			);
			defaultConfigurationIsVisible = 0;
		};
		821F866E19E5085900CCEA85 /* Build configuration list for PBXNativeTarget "KLLoaderExampleTests" */ = {
			isa = XCConfigurationList;
			buildConfigurations = (
				821F866F19E5085900CCEA85 /* Debug */,
				821F867019E5085900CCEA85 /* Release */,
			);
			defaultConfigurationIsVisible = 0;
		};
/* End XCConfigurationList section */
	};
	rootObject = 821F864019E5085900CCEA85 /* Project object */;
}
